// !$*UTF8*$!
{
	archiveVersion = 1;
	classes = {
	};
	objectVersion = 56;
	objects = {

/* Begin PBXBuildFile section */
		7E5D2DBB2AA935E200104CFA /* Video_Viewer_ApplicationApp.swift in Sources */ = {isa = PBXBuildFile; fileRef = 7E5D2DBA2AA935E200104CFA /* Video_Viewer_ApplicationApp.swift */; };
		7E5D2DBD2AA935E200104CFA /* VideoListView.swift in Sources */ = {isa = PBXBuildFile; fileRef = 7E5D2DBC2AA935E200104CFA /* VideoListView.swift */; };
		7E5D2DBF2AA935E500104CFA /* Assets.xcassets in Resources */ = {isa = PBXBuildFile; fileRef = 7E5D2DBE2AA935E500104CFA /* Assets.xcassets */; };
		7E5D2DC22AA935E500104CFA /* Preview Assets.xcassets in Resources */ = {isa = PBXBuildFile; fileRef = 7E5D2DC12AA935E500104CFA /* Preview Assets.xcassets */; };
		7E932F772AAD144C00EF6032 /* VideoDetailsView.swift in Sources */ = {isa = PBXBuildFile; fileRef = 7E932F762AAD144C00EF6032 /* VideoDetailsView.swift */; };
		882F0A8C4BB54407F274999F /* Pods_Video_Viewer_Application.framework in Frameworks */ = {isa = PBXBuildFile; fileRef = 14B5A0DB24C59862C6A01D6C /* Pods_Video_Viewer_Application.framework */; };
/* End PBXBuildFile section */

/* Begin PBXFileReference section */
		14B5A0DB24C59862C6A01D6C /* Pods_Video_Viewer_Application.framework */ = {isa = PBXFileReference; explicitFileType = wrapper.framework; includeInIndex = 0; path = Pods_Video_Viewer_Application.framework; sourceTree = BUILT_PRODUCTS_DIR; };
		73941FD2CAAC376D126E9ADD /* Pods-Video Viewer Application.debug.xcconfig */ = {isa = PBXFileReference; includeInIndex = 1; lastKnownFileType = text.xcconfig; name = "Pods-Video Viewer Application.debug.xcconfig"; path = "Target Support Files/Pods-Video Viewer Application/Pods-Video Viewer Application.debug.xcconfig"; sourceTree = "<group>"; };
		76DD510CA30A2CF92D864BD5 /* Pods-Video Viewer Application.release.xcconfig */ = {isa = PBXFileReference; includeInIndex = 1; lastKnownFileType = text.xcconfig; name = "Pods-Video Viewer Application.release.xcconfig"; path = "Target Support Files/Pods-Video Viewer Application/Pods-Video Viewer Application.release.xcconfig"; sourceTree = "<group>"; };
		7E5D2DB72AA935E200104CFA /* Video Viewer Application.app */ = {isa = PBXFileReference; explicitFileType = wrapper.application; includeInIndex = 0; path = "Video Viewer Application.app"; sourceTree = BUILT_PRODUCTS_DIR; };
		7E5D2DBA2AA935E200104CFA /* Video_Viewer_ApplicationApp.swift */ = {isa = PBXFileReference; lastKnownFileType = sourcecode.swift; path = Video_Viewer_ApplicationApp.swift; sourceTree = "<group>"; };
		7E5D2DBC2AA935E200104CFA /* VideoListView.swift */ = {isa = PBXFileReference; lastKnownFileType = sourcecode.swift; path = VideoListView.swift; sourceTree = "<group>"; };
		7E5D2DBE2AA935E500104CFA /* Assets.xcassets */ = {isa = PBXFileReference; lastKnownFileType = folder.assetcatalog; path = Assets.xcassets; sourceTree = "<group>"; };
		7E5D2DC12AA935E500104CFA /* Preview Assets.xcassets */ = {isa = PBXFileReference; lastKnownFileType = folder.assetcatalog; path = "Preview Assets.xcassets"; sourceTree = "<group>"; };
		7E932F762AAD144C00EF6032 /* VideoDetailsView.swift */ = {isa = PBXFileReference; lastKnownFileType = sourcecode.swift; path = VideoDetailsView.swift; sourceTree = "<group>"; };
/* End PBXFileReference section */

/* Begin PBXFrameworksBuildPhase section */
		7E5D2DB42AA935E200104CFA /* Frameworks */ = {
			isa = PBXFrameworksBuildPhase;
			buildActionMask = 2147483647;
			files = (
				882F0A8C4BB54407F274999F /* Pods_Video_Viewer_Application.framework in Frameworks */,
			);
			runOnlyForDeploymentPostprocessing = 0;
		};
/* End PBXFrameworksBuildPhase section */

/* Begin PBXGroup section */
		070BA97AE825194132E8B749 /* Frameworks */ = {
			isa = PBXGroup;
			children = (
				14B5A0DB24C59862C6A01D6C /* Pods_Video_Viewer_Application.framework */,
			);
			name = Frameworks;
			sourceTree = "<group>";
		};
		422C117DCAEBE7A049F9091B /* Pods */ = {
			isa = PBXGroup;
			children = (
				73941FD2CAAC376D126E9ADD /* Pods-Video Viewer Application.debug.xcconfig */,
				76DD510CA30A2CF92D864BD5 /* Pods-Video Viewer Application.release.xcconfig */,
			);
			name = Pods;
			path = ../Pods;
			sourceTree = "<group>";
		};
		7E5D2DAE2AA935E200104CFA = {
			isa = PBXGroup;
			children = (
				7E5D2DB92AA935E200104CFA /* Video Viewer Application */,
				7E5D2DB82AA935E200104CFA /* Products */,
				422C117DCAEBE7A049F9091B /* Pods */,
				070BA97AE825194132E8B749 /* Frameworks */,
			);
			sourceTree = "<group>";
		};
		7E5D2DB82AA935E200104CFA /* Products */ = {
			isa = PBXGroup;
			children = (
				7E5D2DB72AA935E200104CFA /* Video Viewer Application.app */,
			);
			name = Products;
			sourceTree = "<group>";
		};
		7E5D2DB92AA935E200104CFA /* Video Viewer Application */ = {
			isa = PBXGroup;
			children = (
				7E5D2DBA2AA935E200104CFA /* Video_Viewer_ApplicationApp.swift */,
				7E5D2DBC2AA935E200104CFA /* VideoListView.swift */,
				7E932F762AAD144C00EF6032 /* VideoDetailsView.swift */,
				7E5D2DBE2AA935E500104CFA /* Assets.xcassets */,
				7E5D2DC02AA935E500104CFA /* Preview Content */,
			);
			path = "Video Viewer Application";
			sourceTree = "<group>";
		};
		7E5D2DC02AA935E500104CFA /* Preview Content */ = {
			isa = PBXGroup;
			children = (
				7E5D2DC12AA935E500104CFA /* Preview Assets.xcassets */,
			);
			path = "Preview Content";
			sourceTree = "<group>";
		};
/* End PBXGroup section */

/* Begin PBXNativeTarget section */
		7E5D2DB62AA935E200104CFA /* Video Viewer Application */ = {
			isa = PBXNativeTarget;
			buildConfigurationList = 7E5D2DC52AA935E500104CFA /* Build configuration list for PBXNativeTarget "Video Viewer Application" */;
			buildPhases = (
				EB97F2B3C46811BB83760B08 /* [CP] Check Pods Manifest.lock */,
				7E5D2DB32AA935E200104CFA /* Sources */,
				7E5D2DB42AA935E200104CFA /* Frameworks */,
				7E5D2DB52AA935E200104CFA /* Resources */,
				03CDF54671C7393CF336BC4B /* [CP] Embed Pods Frameworks */,
			);
			buildRules = (
			);
			dependencies = (
			);
			name = "Video Viewer Application";
			productName = "Video Viewer Application";
			productReference = 7E5D2DB72AA935E200104CFA /* Video Viewer Application.app */;
			productType = "com.apple.product-type.application";
		};
/* End PBXNativeTarget section */

/* Begin PBXProject section */
		7E5D2DAF2AA935E200104CFA /* Project object */ = {
			isa = PBXProject;
			attributes = {
				BuildIndependentTargetsInParallel = 1;
				LastSwiftUpdateCheck = 1430;
				LastUpgradeCheck = 1430;
				TargetAttributes = {
					7E5D2DB62AA935E200104CFA = {
						CreatedOnToolsVersion = 14.3.1;
					};
				};
			};
			buildConfigurationList = 7E5D2DB22AA935E200104CFA /* Build configuration list for PBXProject "Video Viewer Application" */;
			compatibilityVersion = "Xcode 14.0";
			developmentRegion = en;
			hasScannedForEncodings = 0;
			knownRegions = (
				en,
				Base,
			);
			mainGroup = 7E5D2DAE2AA935E200104CFA;
			productRefGroup = 7E5D2DB82AA935E200104CFA /* Products */;
			projectDirPath = "";
			projectRoot = "";
			targets = (
				7E5D2DB62AA935E200104CFA /* Video Viewer Application */,
			);
		};
/* End PBXProject section */

/* Begin PBXResourcesBuildPhase section */
		7E5D2DB52AA935E200104CFA /* Resources */ = {
			isa = PBXResourcesBuildPhase;
			buildActionMask = 2147483647;
			files = (
				7E5D2DC22AA935E500104CFA /* Preview Assets.xcassets in Resources */,
				7E5D2DBF2AA935E500104CFA /* Assets.xcassets in Resources */,
			);
			runOnlyForDeploymentPostprocessing = 0;
		};
/* End PBXResourcesBuildPhase section */

/* Begin PBXShellScriptBuildPhase section */
		03CDF54671C7393CF336BC4B /* [CP] Embed Pods Frameworks */ = {
			isa = PBXShellScriptBuildPhase;
			buildActionMask = 2147483647;
			files = (
			);
			inputFileListPaths = (
				"${PODS_ROOT}/Target Support Files/Pods-Video Viewer Application/Pods-Video Viewer Application-frameworks-${CONFIGURATION}-input-files.xcfilelist",
			);
			name = "[CP] Embed Pods Frameworks";
			outputFileListPaths = (
				"${PODS_ROOT}/Target Support Files/Pods-Video Viewer Application/Pods-Video Viewer Application-frameworks-${CONFIGURATION}-output-files.xcfilelist",
			);
			runOnlyForDeploymentPostprocessing = 0;
			shellPath = /bin/sh;
			shellScript = "\"${PODS_ROOT}/Target Support Files/Pods-Video Viewer Application/Pods-Video Viewer Application-frameworks.sh\"\n";
			showEnvVarsInLog = 0;
		};
		EB97F2B3C46811BB83760B08 /* [CP] Check Pods Manifest.lock */ = {
			isa = PBXShellScriptBuildPhase;
			buildActionMask = 2147483647;
			files = (
			);
			inputFileListPaths = (
			);
			inputPaths = (
				"${PODS_PODFILE_DIR_PATH}/Podfile.lock",
				"${PODS_ROOT}/Manifest.lock",
			);
			name = "[CP] Check Pods Manifest.lock";
			outputFileListPaths = (
			);
			outputPaths = (
				"$(DERIVED_FILE_DIR)/Pods-Video Viewer Application-checkManifestLockResult.txt",
			);
			runOnlyForDeploymentPostprocessing = 0;
			shellPath = /bin/sh;
			shellScript = "diff \"${PODS_PODFILE_DIR_PATH}/Podfile.lock\" \"${PODS_ROOT}/Manifest.lock\" > /dev/null\nif [ $? != 0 ] ; then\n    # print error to STDERR\n    echo \"error: The sandbox is not in sync with the Podfile.lock. Run 'pod install' or update your CocoaPods installation.\" >&2\n    exit 1\nfi\n# This output is used by Xcode 'outputs' to avoid re-running this script phase.\necho \"SUCCESS\" > \"${SCRIPT_OUTPUT_FILE_0}\"\n";
			showEnvVarsInLog = 0;
		};
/* End PBXShellScriptBuildPhase section */

/* Begin PBXSourcesBuildPhase section */
		7E5D2DB32AA935E200104CFA /* Sources */ = {
			isa = PBXSourcesBuildPhase;
			buildActionMask = 2147483647;
			files = (
				7E932F772AAD144C00EF6032 /* VideoDetailsView.swift in Sources */,
				7E5D2DBD2AA935E200104CFA /* VideoListView.swift in Sources */,
				7E5D2DBB2AA935E200104CFA /* Video_Viewer_ApplicationApp.swift in Sources */,
			);
			runOnlyForDeploymentPostprocessing = 0;
		};
/* End PBXSourcesBuildPhase section */

/* Begin XCBuildConfiguration section */
		7E5D2DC32AA935E500104CFA /* Debug */ = {
			isa = XCBuildConfiguration;
			buildSettings = {
				ALWAYS_SEARCH_USER_PATHS = NO;
				CLANG_ANALYZER_NONNULL = YES;
				CLANG_ANALYZER_NUMBER_OBJECT_CONVERSION = YES_AGGRESSIVE;
				CLANG_CXX_LANGUAGE_STANDARD = "gnu++20";
				CLANG_ENABLE_MODULES = YES;
				CLANG_ENABLE_OBJC_ARC = YES;
				CLANG_ENABLE_OBJC_WEAK = YES;
				CLANG_WARN_BLOCK_CAPTURE_AUTORELEASING = YES;
				CLANG_WARN_BOOL_CONVERSION = YES;
				CLANG_WARN_COMMA = YES;
				CLANG_WARN_CONSTANT_CONVERSION = YES;
				CLANG_WARN_DEPRECATED_OBJC_IMPLEMENTATIONS = YES;
				CLANG_WARN_DIRECT_OBJC_ISA_USAGE = YES_ERROR;
				CLANG_WARN_DOCUMENTATION_COMMENTS = YES;
				CLANG_WARN_EMPTY_BODY = YES;
				CLANG_WARN_ENUM_CONVERSION = YES;
				CLANG_WARN_INFINITE_RECURSION = YES;
				CLANG_WARN_INT_CONVERSION = YES;
				CLANG_WARN_NON_LITERAL_NULL_CONVERSION = YES;
				CLANG_WARN_OBJC_IMPLICIT_RETAIN_SELF = YES;
				CLANG_WARN_OBJC_LITERAL_CONVERSION = YES;
				CLANG_WARN_OBJC_ROOT_CLASS = YES_ERROR;
				CLANG_WARN_QUOTED_INCLUDE_IN_FRAMEWORK_HEADER = YES;
				CLANG_WARN_RANGE_LOOP_ANALYSIS = YES;
				CLANG_WARN_STRICT_PROTOTYPES = YES;
				CLANG_WARN_SUSPICIOUS_MOVE = YES;
				CLANG_WARN_UNGUARDED_AVAILABILITY = YES_AGGRESSIVE;
				CLANG_WARN_UNREACHABLE_CODE = YES;
				CLANG_WARN__DUPLICATE_METHOD_MATCH = YES;
				COPY_PHASE_STRIP = NO;
				DEBUG_INFORMATION_FORMAT = dwarf;
				ENABLE_STRICT_OBJC_MSGSEND = YES;
				ENABLE_TESTABILITY = YES;
				GCC_C_LANGUAGE_STANDARD = gnu11;
				GCC_DYNAMIC_NO_PIC = NO;
				GCC_NO_COMMON_BLOCKS = YES;
				GCC_OPTIMIZATION_LEVEL = 0;
				GCC_PREPROCESSOR_DEFINITIONS = (
					"DEBUG=1",
					"$(inherited)",
				);
				GCC_WARN_64_TO_32_BIT_CONVERSION = YES;
				GCC_WARN_ABOUT_RETURN_TYPE = YES_ERROR;
				GCC_WARN_UNDECLARED_SELECTOR = YES;
				GCC_WARN_UNINITIALIZED_AUTOS = YES_AGGRESSIVE;
				GCC_WARN_UNUSED_FUNCTION = YES;
				GCC_WARN_UNUSED_VARIABLE = YES;
				IPHONEOS_DEPLOYMENT_TARGET = 16.4;
				MTL_ENABLE_DEBUG_INFO = INCLUDE_SOURCE;
				MTL_FAST_MATH = YES;
				ONLY_ACTIVE_ARCH = YES;
				SDKROOT = iphoneos;
				SWIFT_ACTIVE_COMPILATION_CONDITIONS = DEBUG;
				SWIFT_OPTIMIZATION_LEVEL = "-Onone";
			};
			name = Debug;
		};
		7E5D2DC42AA935E500104CFA /* Release */ = {
			isa = XCBuildConfiguration;
			buildSettings = {
				ALWAYS_SEARCH_USER_PATHS = NO;
				CLANG_ANALYZER_NONNULL = YES;
				CLANG_ANALYZER_NUMBER_OBJECT_CONVERSION = YES_AGGRESSIVE;
				CLANG_CXX_LANGUAGE_STANDARD = "gnu++20";
				CLANG_ENABLE_MODULES = YES;
				CLANG_ENABLE_OBJC_ARC = YES;
				CLANG_ENABLE_OBJC_WEAK = YES;
				CLANG_WARN_BLOCK_CAPTURE_AUTORELEASING = YES;
				CLANG_WARN_BOOL_CONVERSION = YES;
				CLANG_WARN_COMMA = YES;
				CLANG_WARN_CONSTANT_CONVERSION = YES;
				CLANG_WARN_DEPRECATED_OBJC_IMPLEMENTATIONS = YES;
				CLANG_WARN_DIRECT_OBJC_ISA_USAGE = YES_ERROR;
				CLANG_WARN_DOCUMENTATION_COMMENTS = YES;
				CLANG_WARN_EMPTY_BODY = YES;
				CLANG_WARN_ENUM_CONVERSION = YES;
				CLANG_WARN_INFINITE_RECURSION = YES;
				CLANG_WARN_INT_CONVERSION = YES;
				CLANG_WARN_NON_LITERAL_NULL_CONVERSION = YES;
				CLANG_WARN_OBJC_IMPLICIT_RETAIN_SELF = YES;
				CLANG_WARN_OBJC_LITERAL_CONVERSION = YES;
				CLANG_WARN_OBJC_ROOT_CLASS = YES_ERROR;
				CLANG_WARN_QUOTED_INCLUDE_IN_FRAMEWORK_HEADER = YES;
				CLANG_WARN_RANGE_LOOP_ANALYSIS = YES;
				CLANG_WARN_STRICT_PROTOTYPES = YES;
				CLANG_WARN_SUSPICIOUS_MOVE = YES;
				CLANG_WARN_UNGUARDED_AVAILABILITY = YES_AGGRESSIVE;
				CLANG_WARN_UNREACHABLE_CODE = YES;
				CLANG_WARN__DUPLICATE_METHOD_MATCH = YES;
				COPY_PHASE_STRIP = NO;
				DEBUG_INFORMATION_FORMAT = "dwarf-with-dsym";
				ENABLE_NS_ASSERTIONS = NO;
				ENABLE_STRICT_OBJC_MSGSEND = YES;
				GCC_C_LANGUAGE_STANDARD = gnu11;
				GCC_NO_COMMON_BLOCKS = YES;
				GCC_WARN_64_TO_32_BIT_CONVERSION = YES;
				GCC_WARN_ABOUT_RETURN_TYPE = YES_ERROR;
				GCC_WARN_UNDECLARED_SELECTOR = YES;
				GCC_WARN_UNINITIALIZED_AUTOS = YES_AGGRESSIVE;
				GCC_WARN_UNUSED_FUNCTION = YES;
				GCC_WARN_UNUSED_VARIABLE = YES;
				IPHONEOS_DEPLOYMENT_TARGET = 16.4;
				MTL_ENABLE_DEBUG_INFO = NO;
				MTL_FAST_MATH = YES;
				SDKROOT = iphoneos;
				SWIFT_COMPILATION_MODE = wholemodule;
				SWIFT_OPTIMIZATION_LEVEL = "-O";
				VALIDATE_PRODUCT = YES;
			};
			name = Release;
		};
		7E5D2DC62AA935E500104CFA /* Debug */ = {
			isa = XCBuildConfiguration;
			baseConfigurationReference = 73941FD2CAAC376D126E9ADD /* Pods-Video Viewer Application.debug.xcconfig */;
			buildSettings = {
				ASSETCATALOG_COMPILER_APPICON_NAME = AppIcon;
				ASSETCATALOG_COMPILER_GLOBAL_ACCENT_COLOR_NAME = AccentColor;
				CODE_SIGN_STYLE = Automatic;
				CURRENT_PROJECT_VERSION = 1;
				DEVELOPMENT_ASSET_PATHS = "\"Video Viewer Application/Preview Content\"";
				DEVELOPMENT_TEAM = RW4PA4UCU3;
				ENABLE_PREVIEWS = YES;
				GENERATE_INFOPLIST_FILE = YES;
				INFOPLIST_KEY_UIApplicationSceneManifest_Generation = YES;
				INFOPLIST_KEY_UIApplicationSupportsIndirectInputEvents = YES;
				INFOPLIST_KEY_UILaunchScreen_Generation = YES;
				INFOPLIST_KEY_UISupportedInterfaceOrientations_iPad = "UIInterfaceOrientationPortrait UIInterfaceOrientationPortraitUpsideDown UIInterfaceOrientationLandscapeLeft UIInterfaceOrientationLandscapeRight";
				INFOPLIST_KEY_UISupportedInterfaceOrientations_iPhone = "UIInterfaceOrientationPortrait UIInterfaceOrientationLandscapeLeft UIInterfaceOrientationLandscapeRight";
				LD_RUNPATH_SEARCH_PATHS = (
					"$(inherited)",
					"@executable_path/Frameworks",
				);
				MARKETING_VERSION = 1.0;
				PRODUCT_BUNDLE_IDENTIFIER = "com.Accenture.Video-Viewer-Application";
				PRODUCT_NAME = "$(TARGET_NAME)";
				SWIFT_EMIT_LOC_STRINGS = YES;
				SWIFT_VERSION = 5.0;
				TARGETED_DEVICE_FAMILY = "1,2";
			};
			name = Debug;
		};
		7E5D2DC72AA935E500104CFA /* Release */ = {
			isa = XCBuildConfiguration;
			baseConfigurationReference = 76DD510CA30A2CF92D864BD5 /* Pods-Video Viewer Application.release.xcconfig */;
			buildSettings = {
				ASSETCATALOG_COMPILER_APPICON_NAME = AppIcon;
				ASSETCATALOG_COMPILER_GLOBAL_ACCENT_COLOR_NAME = AccentColor;
				CODE_SIGN_STYLE = Automatic;
				CURRENT_PROJECT_VERSION = 1;
				DEVELOPMENT_ASSET_PATHS = "\"Video Viewer Application/Preview Content\"";
				DEVELOPMENT_TEAM = RW4PA4UCU3;
				ENABLE_PREVIEWS = YES;
				GENERATE_INFOPLIST_FILE = YES;
				INFOPLIST_KEY_UIApplicationSceneManifest_Generation = YES;
				INFOPLIST_KEY_UIApplicationSupportsIndirectInputEvents = YES;
				INFOPLIST_KEY_UILaunchScreen_Generation = YES;
				INFOPLIST_KEY_UISupportedInterfaceOrientations_iPad = "UIInterfaceOrientationPortrait UIInterfaceOrientationPortraitUpsideDown UIInterfaceOrientationLandscapeLeft UIInterfaceOrientationLandscapeRight";
				INFOPLIST_KEY_UISupportedInterfaceOrientations_iPhone = "UIInterfaceOrientationPortrait UIInterfaceOrientationLandscapeLeft UIInterfaceOrientationLandscapeRight";
				LD_RUNPATH_SEARCH_PATHS = (
					"$(inherited)",
					"@executable_path/Frameworks",
				);
				MARKETING_VERSION = 1.0;
				PRODUCT_BUNDLE_IDENTIFIER = "com.Accenture.Video-Viewer-Application";
				PRODUCT_NAME = "$(TARGET_NAME)";
				SWIFT_EMIT_LOC_STRINGS = YES;
				SWIFT_VERSION = 5.0;
				TARGETED_DEVICE_FAMILY = "1,2";
			};
			name = Release;
		};
/* End XCBuildConfiguration section */

/* Begin XCConfigurationList section */
		7E5D2DB22AA935E200104CFA /* Build configuration list for PBXProject "Video Viewer Application" */ = {
			isa = XCConfigurationList;
			buildConfigurations = (
				7E5D2DC32AA935E500104CFA /* Debug */,
				7E5D2DC42AA935E500104CFA /* Release */,
			);
			defaultConfigurationIsVisible = 0;
			defaultConfigurationName = Release;
		};
		7E5D2DC52AA935E500104CFA /* Build configuration list for PBXNativeTarget "Video Viewer Application" */ = {
			isa = XCConfigurationList;
			buildConfigurations = (
				7E5D2DC62AA935E500104CFA /* Debug */,
				7E5D2DC72AA935E500104CFA /* Release */,
			);
			defaultConfigurationIsVisible = 0;
			defaultConfigurationName = Release;
		};
/* End XCConfigurationList section */
	};
	rootObject = 7E5D2DAF2AA935E200104CFA /* Project object */;
}
